
Microsoft Visual Studio Solution File, Format Version 12.00
# Visual Studio Version 17
VisualStudioVersion = 17.2.32630.192
MinimumVisualStudioVersion = 10.0.40219.1
Project("{9A19103F-16F7-4668-BE54-9A1E7A4F7556}") = "WebApiDemo", "WebApi.Net6Mongo\WebApiDemo.csproj", "{C31287FC-3024-473E-AFBC-2404DCD79208}"
EndProject
Project("{FAE04EC0-301F-11D3-BF4B-00C04F79EFBC}") = "UserModel", "UserModel\UserModel.csproj", "{86BC8B5E-9FAD-4400-BEEA-C93B1BCC231D}"
EndProject
Project("{FAE04EC0-301F-11D3-BF4B-00C04F79EFBC}") = "UserManagerService", "UserManagerService\UserManagerService.csproj", "{97936EC8-2D6A-40F1-910E-2D5F70B49C96}"
EndProject
Global
	GlobalSection(SolutionConfigurationPlatforms) = preSolution
		Debug|Any CPU = Debug|Any CPU
		Release|Any CPU = Release|Any CPU
	EndGlobalSection
	GlobalSection(ProjectConfigurationPlatforms) = postSolution
		{C31287FC-3024-473E-AFBC-2404DCD79208}.Debug|Any CPU.ActiveCfg = Debug|Any CPU
		{C31287FC-3024-473E-AFBC-2404DCD79208}.Debug|Any CPU.Build.0 = Debug|Any CPU
		{C31287FC-3024-473E-AFBC-2404DCD79208}.Release|Any CPU.ActiveCfg = Release|Any CPU
		{C31287FC-3024-473E-AFBC-2404DCD79208}.Release|Any CPU.Build.0 = Release|Any CPU
		{86BC8B5E-9FAD-4400-BEEA-C93B1BCC231D}.Debug|Any CPU.ActiveCfg = Debug|Any CPU
		{86BC8B5E-9FAD-4400-BEEA-C93B1BCC231D}.Debug|Any CPU.Build.0 = Debug|Any CPU
		{86BC8B5E-9FAD-4400-BEEA-C93B1BCC231D}.Release|Any CPU.ActiveCfg = Release|Any CPU
		{86BC8B5E-9FAD-4400-BEEA-C93B1BCC231D}.Release|Any CPU.Build.0 = Release|Any CPU
		{97936EC8-2D6A-40F1-910E-2D5F70B49C96}.Debug|Any CPU.ActiveCfg = Debug|Any CPU
		{97936EC8-2D6A-40F1-910E-2D5F70B49C96}.Debug|Any CPU.Build.0 = Debug|Any CPU
		{97936EC8-2D6A-40F1-910E-2D5F70B49C96}.Release|Any CPU.ActiveCfg = Release|Any CPU
		{97936EC8-2D6A-40F1-910E-2D5F70B49C96}.Release|Any CPU.Build.0 = Release|Any CPU
	EndGlobalSection
	GlobalSection(SolutionProperties) = preSolution
		HideSolutionNode = FALSE
	EndGlobalSection
	GlobalSection(ExtensibilityGlobals) = postSolution
		SolutionGuid = {A2E6023C-84AA-443E-A13C-3BB3FB9060F5}
	EndGlobalSection
EndGlobal
